# THIS IS AN AUTOGENERATED FILE. DO NOT EDIT THIS FILE DIRECTLY.
# yarn lockfile v1


"@types/aws-lambda@^8.10.8":
  version "8.10.8"
  resolved "https://registry.yarnpkg.com/@types/aws-lambda/-/aws-lambda-8.10.8.tgz#b53dc0c7762501ce2fbd045ebd0fa4f40a87b0af"

"@types/node@^10.5.3":
  version "10.5.3"
  resolved "https://registry.yarnpkg.com/@types/node/-/node-10.5.3.tgz#5bcfaf088ad17894232012877669634c06b20cc5"
